
Microsoft Visual Studio Solution File, Format Version 12.00
# Visual Studio Version 16
VisualStudioVersion = 16.0.32929.386
MinimumVisualStudioVersion = 10.0.40219.1
Project("{FAE04EC0-301F-11D3-BF4B-00C04F79EFBC}") = "MCF_TestCode", "MCF_TestCode.csproj", "{9DA078BA-318C-4BE3-854B-745BA3D1F491}"
EndProject
Global
	GlobalSection(SolutionConfigurationPlatforms) = preSolution
		Debug|Any CPU = Debug|Any CPU
		Release|Any CPU = Release|Any CPU
	EndGlobalSection
	GlobalSection(ProjectConfigurationPlatforms) = postSolution
		{9DA078BA-318C-4BE3-854B-745BA3D1F491}.Debug|Any CPU.ActiveCfg = Debug|Any CPU
		{9DA078BA-318C-4BE3-854B-745BA3D1F491}.Debug|Any CPU.Build.0 = Debug|Any CPU
		{9DA078BA-318C-4BE3-854B-745BA3D1F491}.Release|Any CPU.ActiveCfg = Release|Any CPU
		{9DA078BA-318C-4BE3-854B-745BA3D1F491}.Release|Any CPU.Build.0 = Release|Any CPU
	EndGlobalSection
	GlobalSection(SolutionProperties) = preSolution
		HideSolutionNode = FALSE
	EndGlobalSection
	GlobalSection(ExtensibilityGlobals) = postSolution
		SolutionGuid = {BB9CED28-79E2-4935-8392-4FEA54ADF446}
	EndGlobalSection
EndGlobal
